
Microsoft Visual Studio Solution File, Format Version 12.00
# Visual Studio 14
VisualStudioVersion = 14.0.23107.0
MinimumVisualStudioVersion = 10.0.40219.1
Project("{FAE04EC0-301F-11D3-BF4B-00C04F79EFBC}") = "Chess", "Chess\Chess.csproj", "{8D1DB72C-BAD2-461E-B8E8-98E901815236}"
EndProject
Project("{FAE04EC0-301F-11D3-BF4B-00C04F79EFBC}") = "Chess.Tests", "Chess.Tests\Chess.Tests.csproj", "{A0E92E42-B120-4F51-B49F-BFFB268D2021}"
EndProject
Global
	GlobalSection(SolutionConfigurationPlatforms) = preSolution
		Debug|Any CPU = Debug|Any CPU
		Release|Any CPU = Release|Any CPU
	EndGlobalSection
	GlobalSection(ProjectConfigurationPlatforms) = postSolution
		{8D1DB72C-BAD2-461E-B8E8-98E901815236}.Debug|Any CPU.ActiveCfg = Debug|Any CPU
		{8D1DB72C-BAD2-461E-B8E8-98E901815236}.Debug|Any CPU.Build.0 = Debug|Any CPU
		{8D1DB72C-BAD2-461E-B8E8-98E901815236}.Release|Any CPU.ActiveCfg = Release|Any CPU
		{8D1DB72C-BAD2-461E-B8E8-98E901815236}.Release|Any CPU.Build.0 = Release|Any CPU
		{A0E92E42-B120-4F51-B49F-BFFB268D2021}.Debug|Any CPU.ActiveCfg = Debug|Any CPU
		{A0E92E42-B120-4F51-B49F-BFFB268D2021}.Debug|Any CPU.Build.0 = Debug|Any CPU
		{A0E92E42-B120-4F51-B49F-BFFB268D2021}.Release|Any CPU.ActiveCfg = Release|Any CPU
		{A0E92E42-B120-4F51-B49F-BFFB268D2021}.Release|Any CPU.Build.0 = Release|Any CPU
	EndGlobalSection
	GlobalSection(SolutionProperties) = preSolution
		HideSolutionNode = FALSE
	EndGlobalSection
EndGlobal
